
Microsoft Visual Studio Solution File, Format Version 12.00
# Visual Studio Version 17
VisualStudioVersion = 17.11.35327.3
MinimumVisualStudioVersion = 10.0.40219.1
Project("{FAE04EC0-301F-11D3-BF4B-00C04F79EFBC}") = "wadasdadw", "wadasdadw\wadasdadw.csproj", "{9B64F2C6-5F2C-4D4A-B429-B3C2E1CF2534}"
EndProject
Global
	GlobalSection(SolutionConfigurationPlatforms) = preSolution
		Debug|Any CPU = Debug|Any CPU
		Release|Any CPU = Release|Any CPU
	EndGlobalSection
	GlobalSection(ProjectConfigurationPlatforms) = postSolution
		{9B64F2C6-5F2C-4D4A-B429-B3C2E1CF2534}.Debug|Any CPU.ActiveCfg = Debug|Any CPU
		{9B64F2C6-5F2C-4D4A-B429-B3C2E1CF2534}.Debug|Any CPU.Build.0 = Debug|Any CPU
		{9B64F2C6-5F2C-4D4A-B429-B3C2E1CF2534}.Release|Any CPU.ActiveCfg = Release|Any CPU
		{9B64F2C6-5F2C-4D4A-B429-B3C2E1CF2534}.Release|Any CPU.Build.0 = Release|Any CPU
	EndGlobalSection
	GlobalSection(SolutionProperties) = preSolution
		HideSolutionNode = FALSE
	EndGlobalSection
	GlobalSection(ExtensibilityGlobals) = postSolution
		SolutionGuid = {452D89F4-46EE-43C5-B63F-E00A6F379A08}
	EndGlobalSection
EndGlobal
